
Microsoft Visual Studio Solution File, Format Version 12.00
# Visual Studio Version 16
VisualStudioVersion = 16.0.30320.27
MinimumVisualStudioVersion = 10.0.40219.1
Project("{FAE04EC0-301F-11D3-BF4B-00C04F79EFBC}") = "NICJobs", "NICJobs\NICJobs.csproj", "{34C5F57F-2FF2-401E-A418-D06EB901FD05}"
EndProject
Global
	GlobalSection(SolutionConfigurationPlatforms) = preSolution
		Debug|Any CPU = Debug|Any CPU
		Release|Any CPU = Release|Any CPU
	EndGlobalSection
	GlobalSection(ProjectConfigurationPlatforms) = postSolution
		{34C5F57F-2FF2-401E-A418-D06EB901FD05}.Debug|Any CPU.ActiveCfg = Debug|Any CPU
		{34C5F57F-2FF2-401E-A418-D06EB901FD05}.Debug|Any CPU.Build.0 = Debug|Any CPU
		{34C5F57F-2FF2-401E-A418-D06EB901FD05}.Release|Any CPU.ActiveCfg = Release|Any CPU
		{34C5F57F-2FF2-401E-A418-D06EB901FD05}.Release|Any CPU.Build.0 = Release|Any CPU
	EndGlobalSection
	GlobalSection(SolutionProperties) = preSolution
		HideSolutionNode = FALSE
	EndGlobalSection
	GlobalSection(ExtensibilityGlobals) = postSolution
		EnterpriseLibraryConfigurationToolBinariesPathV6 = packages\EnterpriseLibrary.Common.6.0.1304.0\lib\NET45;packages\EnterpriseLibrary.Data.6.0.1304.0\lib\NET45
		SolutionGuid = {9BA132D8-61C1-4681-9D3E-31CFA59DB472}
	EndGlobalSection
EndGlobal
